
Microsoft Visual Studio Solution File, Format Version 12.00
# Visual Studio 15
VisualStudioVersion = 15.0.28307.757
MinimumVisualStudioVersion = 10.0.40219.1
Project("{FAE04EC0-301F-11D3-BF4B-00C04F79EFBC}") = "WebCore", "WebCore\WebCore.csproj", "{494911B8-9514-4425-A0FD-D2F9ABCDF757}"
EndProject
Global
	GlobalSection(SolutionConfigurationPlatforms) = preSolution
		Debug|Any CPU = Debug|Any CPU
		Release|Any CPU = Release|Any CPU
	EndGlobalSection
	GlobalSection(ProjectConfigurationPlatforms) = postSolution
		{494911B8-9514-4425-A0FD-D2F9ABCDF757}.Debug|Any CPU.ActiveCfg = Debug|Any CPU
		{494911B8-9514-4425-A0FD-D2F9ABCDF757}.Debug|Any CPU.Build.0 = Debug|Any CPU
		{494911B8-9514-4425-A0FD-D2F9ABCDF757}.Release|Any CPU.ActiveCfg = Release|Any CPU
		{494911B8-9514-4425-A0FD-D2F9ABCDF757}.Release|Any CPU.Build.0 = Release|Any CPU
	EndGlobalSection
	GlobalSection(SolutionProperties) = preSolution
		HideSolutionNode = FALSE
	EndGlobalSection
	GlobalSection(ExtensibilityGlobals) = postSolution
		SolutionGuid = {7545CC80-3F49-43F9-99DE-777223707AFF}
	EndGlobalSection
EndGlobal
