
Microsoft Visual Studio Solution File, Format Version 12.00
# Visual Studio 15
VisualStudioVersion = 15.0.28307.572
MinimumVisualStudioVersion = 10.0.40219.1
Project("{FAE04EC0-301F-11D3-BF4B-00C04F79EFBC}") = "DataLibrary", "DataLibrary\DataLibrary.csproj", "{6E9D5068-6D6A-4C48-BC80-582BCBBCCC76}"
EndProject
Global
	GlobalSection(SolutionConfigurationPlatforms) = preSolution
		Debug|Any CPU = Debug|Any CPU
		Release|Any CPU = Release|Any CPU
	EndGlobalSection
	GlobalSection(ProjectConfigurationPlatforms) = postSolution
		{6E9D5068-6D6A-4C48-BC80-582BCBBCCC76}.Debug|Any CPU.ActiveCfg = Debug|Any CPU
		{6E9D5068-6D6A-4C48-BC80-582BCBBCCC76}.Debug|Any CPU.Build.0 = Debug|Any CPU
		{6E9D5068-6D6A-4C48-BC80-582BCBBCCC76}.Release|Any CPU.ActiveCfg = Release|Any CPU
		{6E9D5068-6D6A-4C48-BC80-582BCBBCCC76}.Release|Any CPU.Build.0 = Release|Any CPU
	EndGlobalSection
	GlobalSection(SolutionProperties) = preSolution
		HideSolutionNode = FALSE
	EndGlobalSection
	GlobalSection(ExtensibilityGlobals) = postSolution
		SolutionGuid = {C62790EC-2B43-454A-8786-643A0FE44E6D}
	EndGlobalSection
EndGlobal
