
Microsoft Visual Studio Solution File, Format Version 12.00
# Visual Studio Version 16
VisualStudioVersion = 16.0.29009.5
MinimumVisualStudioVersion = 10.0.40219.1
Project("{FAE04EC0-301F-11D3-BF4B-00C04F79EFBC}") = "WebCore", "WebCore\WebCore.csproj", "{533AFFDE-DB7B-4BFA-AB4C-8646F0D8FEB1}"
EndProject
Global
	GlobalSection(SolutionConfigurationPlatforms) = preSolution
		Debug|Any CPU = Debug|Any CPU
		Release|Any CPU = Release|Any CPU
	EndGlobalSection
	GlobalSection(ProjectConfigurationPlatforms) = postSolution
		{533AFFDE-DB7B-4BFA-AB4C-8646F0D8FEB1}.Debug|Any CPU.ActiveCfg = Debug|Any CPU
		{533AFFDE-DB7B-4BFA-AB4C-8646F0D8FEB1}.Debug|Any CPU.Build.0 = Debug|Any CPU
		{533AFFDE-DB7B-4BFA-AB4C-8646F0D8FEB1}.Release|Any CPU.ActiveCfg = Release|Any CPU
		{533AFFDE-DB7B-4BFA-AB4C-8646F0D8FEB1}.Release|Any CPU.Build.0 = Release|Any CPU
	EndGlobalSection
	GlobalSection(SolutionProperties) = preSolution
		HideSolutionNode = FALSE
	EndGlobalSection
	GlobalSection(ExtensibilityGlobals) = postSolution
		SolutionGuid = {85B21E55-C7A5-464C-85E7-1431CB741F1D}
	EndGlobalSection
EndGlobal
